// !$*UTF8*$!
{
	archiveVersion = 1;
	classes = {
	};
	objectVersion = 46;
	objects = {

/* Begin PBXBuildFile section */
		911BB35F1C28264100A058A4 /* day21.swift in Sources */ = {isa = PBXBuildFile; fileRef = 911BB35E1C28264100A058A4 /* day21.swift */; };
		9121751B1C24011C003B68B7 /* day18.swift in Sources */ = {isa = PBXBuildFile; fileRef = 9121751A1C24011C003B68B7 /* day18.swift */; };
		9121751C1C240124003B68B7 /* day18_input in CopyFiles */ = {isa = PBXBuildFile; fileRef = 912175191C240113003B68B7 /* day18_input */; };
		9121751E1C240DCC003B68B7 /* Bool+intValue.swift in Sources */ = {isa = PBXBuildFile; fileRef = 9121751D1C240DCC003B68B7 /* Bool+intValue.swift */; };
		91265A991C26C838003DE24D /* day20.swift in Sources */ = {isa = PBXBuildFile; fileRef = 91265A981C26C838003DE24D /* day20.swift */; };
		913DFDCB1C1CAE80000DFFFE /* day12_1.swift in Sources */ = {isa = PBXBuildFile; fileRef = 913DFDCA1C1CAE80000DFFFE /* day12_1.swift */; };
		913DFDCC1C1CAFC5000DFFFE /* day12_input.json in CopyFiles */ = {isa = PBXBuildFile; fileRef = 913DFDC91C1CAE6F000DFFFE /* day12_input.json */; };
		913DFDCE1C1CB2E2000DFFFE /* day12_2.swift in Sources */ = {isa = PBXBuildFile; fileRef = 913DFDCD1C1CB2E2000DFFFE /* day12_2.swift */; };
		913DFDD01C1CB75A000DFFFE /* SwiftyJSON.swift in Sources */ = {isa = PBXBuildFile; fileRef = 913DFDCF1C1CB75A000DFFFE /* SwiftyJSON.swift */; };
		913DFDD61C1DD0C4000DFFFE /* day_13.swift in Sources */ = {isa = PBXBuildFile; fileRef = 913DFDD51C1DD0C4000DFFFE /* day_13.swift */; };
		913DFDD71C1DD0E2000DFFFE /* day13_input in CopyFiles */ = {isa = PBXBuildFile; fileRef = 913DFDD41C1DD0AB000DFFFE /* day13_input */; };
		913F93481C1EEAD10056D2FE /* day14.swift in Sources */ = {isa = PBXBuildFile; fileRef = 913F93471C1EEAD10056D2FE /* day14.swift */; };
		913F93491C1EEB580056D2FE /* day14_input in CopyFiles */ = {isa = PBXBuildFile; fileRef = 913F93461C1EEABA0056D2FE /* day14_input */; };
		9143B6531C10B1C5008214DD /* day1.swift in Sources */ = {isa = PBXBuildFile; fileRef = 9143B6521C10B1C5008214DD /* day1.swift */; };
		9143B6541C10B1FA008214DD /* day3_input in CopyFiles */ = {isa = PBXBuildFile; fileRef = 91CE73921C109835006A5E14 /* day3_input */; };
		9143B6561C10B242008214DD /* day1_input in CopyFiles */ = {isa = PBXBuildFile; fileRef = 9143B6511C10B1B2008214DD /* day1_input */; };
		9143B6581C10B6D5008214DD /* day2.swift in Sources */ = {isa = PBXBuildFile; fileRef = 9143B6571C10B6D5008214DD /* day2.swift */; };
		9143B65A1C10B72C008214DD /* day2_input in CopyFiles */ = {isa = PBXBuildFile; fileRef = 9143B6591C10B6E1008214DD /* day2_input */; };
		9143B65D1C118E00008214DD /* day4.swift in Sources */ = {isa = PBXBuildFile; fileRef = 9143B65C1C118E00008214DD /* day4.swift */; };
		9143B6601C118EFE008214DD /* String+md5.swift in Sources */ = {isa = PBXBuildFile; fileRef = 9143B65F1C118EFE008214DD /* String+md5.swift */; };
		9143B6651C13385D008214DD /* day5.swift in Sources */ = {isa = PBXBuildFile; fileRef = 9143B6641C13385D008214DD /* day5.swift */; };
		9143B6661C13395B008214DD /* day5_input in CopyFiles */ = {isa = PBXBuildFile; fileRef = 9143B6631C133799008214DD /* day5_input */; };
		9145BA0B1C19725000AE7B3C /* day10.swift in Sources */ = {isa = PBXBuildFile; fileRef = 9145BA0A1C19725000AE7B3C /* day10.swift */; };
		9145BA0F1C1977F200AE7B3C /* day8_input in CopyFiles */ = {isa = PBXBuildFile; fileRef = 9145BA0E1C1977EA00AE7B3C /* day8_input */; };
		9145BA111C1977FA00AE7B3C /* day8_1.swift in Sources */ = {isa = PBXBuildFile; fileRef = 9145BA101C1977FA00AE7B3C /* day8_1.swift */; };
		91469C451C108F1400E97658 /* main.swift in Sources */ = {isa = PBXBuildFile; fileRef = 91469C441C108F1400E97658 /* main.swift */; };
		9154E3C81C2567FE001BB527 /* day19.swift in Sources */ = {isa = PBXBuildFile; fileRef = 9154E3C71C2567FE001BB527 /* day19.swift */; };
		9154E3C91C25685A001BB527 /* day19_input in CopyFiles */ = {isa = PBXBuildFile; fileRef = 9154E3C61C2567E1001BB527 /* day19_input */; };
		915655201C21E855001E7EED /* day11.swift in Sources */ = {isa = PBXBuildFile; fileRef = 9156551F1C21E855001E7EED /* day11.swift */; };
		915655231C2209AA001E7EED /* day9.swift in Sources */ = {isa = PBXBuildFile; fileRef = 915655221C2209AA001E7EED /* day9.swift */; };
		915655251C220A3E001E7EED /* day9_input in CopyFiles */ = {isa = PBXBuildFile; fileRef = 915655241C2209BA001E7EED /* day9_input */; };
		915655271C2210AA001E7EED /* Array+permutations.swift in Sources */ = {isa = PBXBuildFile; fileRef = 915655261C2210AA001E7EED /* Array+permutations.swift */; };
		91804A901C217DE300D45F7B /* day16.swift in Sources */ = {isa = PBXBuildFile; fileRef = 91804A8F1C217DE300D45F7B /* day16.swift */; };
		91804A921C21839B00D45F7B /* day16_input in CopyFiles */ = {isa = PBXBuildFile; fileRef = 91804A911C217DEC00D45F7B /* day16_input */; };
		91B271431C18B8EB00E16115 /* day6_input in CopyFiles */ = {isa = PBXBuildFile; fileRef = 91B271421C18B8DC00E16115 /* day6_input */; };
		91B271451C18B8F900E16115 /* day6_1.swift in Sources */ = {isa = PBXBuildFile; fileRef = 91B271441C18B8F900E16115 /* day6_1.swift */; };
		91B271471C18C3A000E16115 /* day6_2.swift in Sources */ = {isa = PBXBuildFile; fileRef = 91B271461C18C3A000E16115 /* day6_2.swift */; };
		91B2714B1C18CF1500E16115 /* day7.swift in Sources */ = {isa = PBXBuildFile; fileRef = 91B2714A1C18CF1500E16115 /* day7.swift */; };
		91B2714C1C18CF2E00E16115 /* day7_input in CopyFiles */ = {isa = PBXBuildFile; fileRef = 91B271491C18CEC900E16115 /* day7_input */; };
		91B685CB1C22BFDE00FA939C /* day17.swift in Sources */ = {isa = PBXBuildFile; fileRef = 91B685CA1C22BFDE00FA939C /* day17.swift */; };
		91B685CD1C22C03F00FA939C /* day17_input in CopyFiles */ = {isa = PBXBuildFile; fileRef = 91B685CC1C22BFFB00FA939C /* day17_input */; };
		91B685CF1C22EEE900FA939C /* Array+allSubarrays.swift in Sources */ = {isa = PBXBuildFile; fileRef = 91B685CE1C22EEE900FA939C /* Array+allSubarrays.swift */; };
		91C3EA901C1B39ED00755F09 /* day8_2.swift in Sources */ = {isa = PBXBuildFile; fileRef = 91C3EA8F1C1B39ED00755F09 /* day8_2.swift */; };
		91CE73941C109835006A5E14 /* day3.swift in Sources */ = {isa = PBXBuildFile; fileRef = 91CE73931C109835006A5E14 /* day3.swift */; };
		91FC895C1C204C0800B230A2 /* day15_input in CopyFiles */ = {isa = PBXBuildFile; fileRef = 91FC895B1C204BFD00B230A2 /* day15_input */; };
		91FC895E1C204C1300B230A2 /* day15.swift in Sources */ = {isa = PBXBuildFile; fileRef = 91FC895D1C204C1300B230A2 /* day15.swift */; };
/* End PBXBuildFile section */

/* Begin PBXCopyFilesBuildPhase section */
		91469C3F1C108F1400E97658 /* CopyFiles */ = {
			isa = PBXCopyFilesBuildPhase;
			buildActionMask = 12;
			dstPath = "";
			dstSubfolderSpec = 7;
			files = (
				9154E3C91C25685A001BB527 /* day19_input in CopyFiles */,
				9121751C1C240124003B68B7 /* day18_input in CopyFiles */,
				91B685CD1C22C03F00FA939C /* day17_input in CopyFiles */,
				91804A921C21839B00D45F7B /* day16_input in CopyFiles */,
				91FC895C1C204C0800B230A2 /* day15_input in CopyFiles */,
				913F93491C1EEB580056D2FE /* day14_input in CopyFiles */,
				913DFDD71C1DD0E2000DFFFE /* day13_input in CopyFiles */,
				913DFDCC1C1CAFC5000DFFFE /* day12_input.json in CopyFiles */,
				915655251C220A3E001E7EED /* day9_input in CopyFiles */,
				9145BA0F1C1977F200AE7B3C /* day8_input in CopyFiles */,
				91B2714C1C18CF2E00E16115 /* day7_input in CopyFiles */,
				91B271431C18B8EB00E16115 /* day6_input in CopyFiles */,
				9143B6661C13395B008214DD /* day5_input in CopyFiles */,
				9143B6541C10B1FA008214DD /* day3_input in CopyFiles */,
				9143B65A1C10B72C008214DD /* day2_input in CopyFiles */,
				9143B6561C10B242008214DD /* day1_input in CopyFiles */,
			);
			runOnlyForDeploymentPostprocessing = 0;
		};
/* End PBXCopyFilesBuildPhase section */

/* Begin PBXFileReference section */
		911BB35E1C28264100A058A4 /* day21.swift */ = {isa = PBXFileReference; fileEncoding = 4; lastKnownFileType = sourcecode.swift; path = day21.swift; sourceTree = "<group>"; };
		912175191C240113003B68B7 /* day18_input */ = {isa = PBXFileReference; fileEncoding = 4; lastKnownFileType = text; path = day18_input; sourceTree = "<group>"; };
		9121751A1C24011C003B68B7 /* day18.swift */ = {isa = PBXFileReference; fileEncoding = 4; lastKnownFileType = sourcecode.swift; path = day18.swift; sourceTree = "<group>"; };
		9121751D1C240DCC003B68B7 /* Bool+intValue.swift */ = {isa = PBXFileReference; fileEncoding = 4; lastKnownFileType = sourcecode.swift; path = "Bool+intValue.swift"; sourceTree = "<group>"; };
		91265A981C26C838003DE24D /* day20.swift */ = {isa = PBXFileReference; fileEncoding = 4; lastKnownFileType = sourcecode.swift; path = day20.swift; sourceTree = "<group>"; };
		913DFDC91C1CAE6F000DFFFE /* day12_input.json */ = {isa = PBXFileReference; fileEncoding = 4; lastKnownFileType = text.json; path = day12_input.json; sourceTree = "<group>"; };
		913DFDCA1C1CAE80000DFFFE /* day12_1.swift */ = {isa = PBXFileReference; fileEncoding = 4; lastKnownFileType = sourcecode.swift; path = day12_1.swift; sourceTree = "<group>"; };
		913DFDCD1C1CB2E2000DFFFE /* day12_2.swift */ = {isa = PBXFileReference; fileEncoding = 4; lastKnownFileType = sourcecode.swift; path = day12_2.swift; sourceTree = "<group>"; };
		913DFDCF1C1CB75A000DFFFE /* SwiftyJSON.swift */ = {isa = PBXFileReference; fileEncoding = 4; lastKnownFileType = sourcecode.swift; path = SwiftyJSON.swift; sourceTree = "<group>"; };
		913DFDD41C1DD0AB000DFFFE /* day13_input */ = {isa = PBXFileReference; fileEncoding = 4; lastKnownFileType = text; path = day13_input; sourceTree = "<group>"; };
		913DFDD51C1DD0C4000DFFFE /* day_13.swift */ = {isa = PBXFileReference; fileEncoding = 4; lastKnownFileType = sourcecode.swift; path = day_13.swift; sourceTree = "<group>"; };
		913F93461C1EEABA0056D2FE /* day14_input */ = {isa = PBXFileReference; fileEncoding = 4; lastKnownFileType = text; path = day14_input; sourceTree = "<group>"; };
		913F93471C1EEAD10056D2FE /* day14.swift */ = {isa = PBXFileReference; fileEncoding = 4; lastKnownFileType = sourcecode.swift; path = day14.swift; sourceTree = "<group>"; };
		9143B6511C10B1B2008214DD /* day1_input */ = {isa = PBXFileReference; fileEncoding = 4; lastKnownFileType = text; path = day1_input; sourceTree = "<group>"; };
		9143B6521C10B1C5008214DD /* day1.swift */ = {isa = PBXFileReference; fileEncoding = 4; lastKnownFileType = sourcecode.swift; path = day1.swift; sourceTree = "<group>"; };
		9143B6571C10B6D5008214DD /* day2.swift */ = {isa = PBXFileReference; fileEncoding = 4; lastKnownFileType = sourcecode.swift; path = day2.swift; sourceTree = "<group>"; };
		9143B6591C10B6E1008214DD /* day2_input */ = {isa = PBXFileReference; fileEncoding = 4; lastKnownFileType = text; path = day2_input; sourceTree = "<group>"; };
		9143B65C1C118E00008214DD /* day4.swift */ = {isa = PBXFileReference; fileEncoding = 4; lastKnownFileType = sourcecode.swift; path = day4.swift; sourceTree = "<group>"; };
		9143B65F1C118EFE008214DD /* String+md5.swift */ = {isa = PBXFileReference; fileEncoding = 4; lastKnownFileType = sourcecode.swift; path = "String+md5.swift"; sourceTree = "<group>"; };
		9143B6611C119067008214DD /* AdventOfCode-Bridging-Header.h */ = {isa = PBXFileReference; lastKnownFileType = sourcecode.c.h; path = "AdventOfCode-Bridging-Header.h"; sourceTree = "<group>"; };
		9143B6631C133799008214DD /* day5_input */ = {isa = PBXFileReference; fileEncoding = 4; lastKnownFileType = text; path = day5_input; sourceTree = "<group>"; };
		9143B6641C13385D008214DD /* day5.swift */ = {isa = PBXFileReference; fileEncoding = 4; lastKnownFileType = sourcecode.swift; path = day5.swift; sourceTree = "<group>"; };
		9145BA0A1C19725000AE7B3C /* day10.swift */ = {isa = PBXFileReference; fileEncoding = 4; lastKnownFileType = sourcecode.swift; path = day10.swift; sourceTree = "<group>"; };
		9145BA0E1C1977EA00AE7B3C /* day8_input */ = {isa = PBXFileReference; fileEncoding = 4; lastKnownFileType = text; path = day8_input; sourceTree = "<group>"; };
		9145BA101C1977FA00AE7B3C /* day8_1.swift */ = {isa = PBXFileReference; fileEncoding = 4; lastKnownFileType = sourcecode.swift; path = day8_1.swift; sourceTree = "<group>"; };
		91469C411C108F1400E97658 /* AdventOfCode */ = {isa = PBXFileReference; explicitFileType = "compiled.mach-o.executable"; includeInIndex = 0; path = AdventOfCode; sourceTree = BUILT_PRODUCTS_DIR; };
		91469C441C108F1400E97658 /* main.swift */ = {isa = PBXFileReference; lastKnownFileType = sourcecode.swift; path = main.swift; sourceTree = "<group>"; };
		9154E3C61C2567E1001BB527 /* day19_input */ = {isa = PBXFileReference; fileEncoding = 4; lastKnownFileType = text; path = day19_input; sourceTree = "<group>"; };
		9154E3C71C2567FE001BB527 /* day19.swift */ = {isa = PBXFileReference; fileEncoding = 4; lastKnownFileType = sourcecode.swift; path = day19.swift; sourceTree = "<group>"; };
		9156551F1C21E855001E7EED /* day11.swift */ = {isa = PBXFileReference; fileEncoding = 4; lastKnownFileType = sourcecode.swift; path = day11.swift; sourceTree = "<group>"; };
		915655221C2209AA001E7EED /* day9.swift */ = {isa = PBXFileReference; fileEncoding = 4; lastKnownFileType = sourcecode.swift; path = day9.swift; sourceTree = "<group>"; };
		915655241C2209BA001E7EED /* day9_input */ = {isa = PBXFileReference; fileEncoding = 4; lastKnownFileType = text; path = day9_input; sourceTree = "<group>"; };
		915655261C2210AA001E7EED /* Array+permutations.swift */ = {isa = PBXFileReference; fileEncoding = 4; lastKnownFileType = sourcecode.swift; path = "Array+permutations.swift"; sourceTree = "<group>"; };
		91804A8F1C217DE300D45F7B /* day16.swift */ = {isa = PBXFileReference; fileEncoding = 4; lastKnownFileType = sourcecode.swift; path = day16.swift; sourceTree = "<group>"; };
		91804A911C217DEC00D45F7B /* day16_input */ = {isa = PBXFileReference; fileEncoding = 4; lastKnownFileType = text; path = day16_input; sourceTree = "<group>"; };
		91B271421C18B8DC00E16115 /* day6_input */ = {isa = PBXFileReference; fileEncoding = 4; lastKnownFileType = text; path = day6_input; sourceTree = "<group>"; };
		91B271441C18B8F900E16115 /* day6_1.swift */ = {isa = PBXFileReference; fileEncoding = 4; lastKnownFileType = sourcecode.swift; path = day6_1.swift; sourceTree = "<group>"; };
		91B271461C18C3A000E16115 /* day6_2.swift */ = {isa = PBXFileReference; fileEncoding = 4; lastKnownFileType = sourcecode.swift; path = day6_2.swift; sourceTree = "<group>"; };
		91B271491C18CEC900E16115 /* day7_input */ = {isa = PBXFileReference; fileEncoding = 4; lastKnownFileType = text; path = day7_input; sourceTree = "<group>"; };
		91B2714A1C18CF1500E16115 /* day7.swift */ = {isa = PBXFileReference; fileEncoding = 4; lastKnownFileType = sourcecode.swift; path = day7.swift; sourceTree = "<group>"; };
		91B685CA1C22BFDE00FA939C /* day17.swift */ = {isa = PBXFileReference; fileEncoding = 4; lastKnownFileType = sourcecode.swift; path = day17.swift; sourceTree = "<group>"; };
		91B685CC1C22BFFB00FA939C /* day17_input */ = {isa = PBXFileReference; fileEncoding = 4; lastKnownFileType = text; path = day17_input; sourceTree = "<group>"; };
		91B685CE1C22EEE900FA939C /* Array+allSubarrays.swift */ = {isa = PBXFileReference; fileEncoding = 4; lastKnownFileType = sourcecode.swift; path = "Array+allSubarrays.swift"; sourceTree = "<group>"; };
		91C3EA8F1C1B39ED00755F09 /* day8_2.swift */ = {isa = PBXFileReference; fileEncoding = 4; lastKnownFileType = sourcecode.swift; path = day8_2.swift; sourceTree = "<group>"; };
		91CE73921C109835006A5E14 /* day3_input */ = {isa = PBXFileReference; fileEncoding = 4; lastKnownFileType = text; path = day3_input; sourceTree = "<group>"; };
		91CE73931C109835006A5E14 /* day3.swift */ = {isa = PBXFileReference; fileEncoding = 4; lastKnownFileType = sourcecode.swift; path = day3.swift; sourceTree = "<group>"; };
		91FC895B1C204BFD00B230A2 /* day15_input */ = {isa = PBXFileReference; fileEncoding = 4; lastKnownFileType = text; path = day15_input; sourceTree = "<group>"; };
		91FC895D1C204C1300B230A2 /* day15.swift */ = {isa = PBXFileReference; fileEncoding = 4; lastKnownFileType = sourcecode.swift; path = day15.swift; sourceTree = "<group>"; };
/* End PBXFileReference section */

/* Begin PBXFrameworksBuildPhase section */
		91469C3E1C108F1400E97658 /* Frameworks */ = {
			isa = PBXFrameworksBuildPhase;
			buildActionMask = 2147483647;
			files = (
			);
			runOnlyForDeploymentPostprocessing = 0;
		};
/* End PBXFrameworksBuildPhase section */

/* Begin PBXGroup section */
		911BB35D1C28262A00A058A4 /* Day 21 */ = {
			isa = PBXGroup;
			children = (
				911BB35E1C28264100A058A4 /* day21.swift */,
			);
			name = "Day 21";
			path = "AdventOfCode/Day 21";
			sourceTree = SOURCE_ROOT;
		};
		912175181C2400F0003B68B7 /* Day 18 */ = {
			isa = PBXGroup;
			children = (
				912175191C240113003B68B7 /* day18_input */,
				9121751A1C24011C003B68B7 /* day18.swift */,
				9121751D1C240DCC003B68B7 /* Bool+intValue.swift */,
			);
			name = "Day 18";
			path = "AdventOfCode/Day 18";
			sourceTree = SOURCE_ROOT;
		};
		91265A971C26C81E003DE24D /* Day 20 */ = {
			isa = PBXGroup;
			children = (
				91265A981C26C838003DE24D /* day20.swift */,
			);
			name = "Day 20";
			path = "AdventOfCode/Day 20";
			sourceTree = SOURCE_ROOT;
		};
		913DFDC81C1CAE20000DFFFE /* Day 12 */ = {
			isa = PBXGroup;
			children = (
				913DFDCF1C1CB75A000DFFFE /* SwiftyJSON.swift */,
				913DFDC91C1CAE6F000DFFFE /* day12_input.json */,
				913DFDCA1C1CAE80000DFFFE /* day12_1.swift */,
				913DFDCD1C1CB2E2000DFFFE /* day12_2.swift */,
			);
			name = "Day 12";
			path = "AdventOfCode/Day 12";
			sourceTree = SOURCE_ROOT;
		};
		913DFDD31C1DD063000DFFFE /* Day 13 */ = {
			isa = PBXGroup;
			children = (
				913DFDD41C1DD0AB000DFFFE /* day13_input */,
				913DFDD51C1DD0C4000DFFFE /* day_13.swift */,
			);
			name = "Day 13";
			path = "AdventOfCode/Day 13";
			sourceTree = SOURCE_ROOT;
		};
		913F93451C1EEA770056D2FE /* Day 14 */ = {
			isa = PBXGroup;
			children = (
				913F93461C1EEABA0056D2FE /* day14_input */,
				913F93471C1EEAD10056D2FE /* day14.swift */,
			);
			name = "Day 14";
			path = "AdventOfCode/Day 14";
			sourceTree = SOURCE_ROOT;
		};
		9143B65B1C118DD8008214DD /* Day 4 */ = {
			isa = PBXGroup;
			children = (
				9143B65C1C118E00008214DD /* day4.swift */,
				9143B65F1C118EFE008214DD /* String+md5.swift */,
			);
			name = "Day 4";
			path = "AdventOfCode/Day 4";
			sourceTree = SOURCE_ROOT;
		};
		9143B6621C13377D008214DD /* Day 5 */ = {
			isa = PBXGroup;
			children = (
				9143B6631C133799008214DD /* day5_input */,
				9143B6641C13385D008214DD /* day5.swift */,
			);
			name = "Day 5";
			path = "AdventOfCode/Day 5";
			sourceTree = SOURCE_ROOT;
		};
		9145BA091C19723A00AE7B3C /* Day 10 */ = {
			isa = PBXGroup;
			children = (
				9145BA0A1C19725000AE7B3C /* day10.swift */,
			);
			name = "Day 10";
			path = "AdventOfCode/Day 10";
			sourceTree = SOURCE_ROOT;
		};
		9145BA0D1C1977D600AE7B3C /* Day 8 */ = {
			isa = PBXGroup;
			children = (
				9145BA0E1C1977EA00AE7B3C /* day8_input */,
				9145BA101C1977FA00AE7B3C /* day8_1.swift */,
				91C3EA8F1C1B39ED00755F09 /* day8_2.swift */,
			);
			name = "Day 8";
			path = "AdventOfCode/Day 8";
			sourceTree = SOURCE_ROOT;
		};
		91469C381C108F1400E97658 = {
			isa = PBXGroup;
			children = (
				91469C431C108F1400E97658 /* AdventOfCode */,
				91469C421C108F1400E97658 /* Products */,
			);
			sourceTree = "<group>";
		};
		91469C421C108F1400E97658 /* Products */ = {
			isa = PBXGroup;
			children = (
				91469C411C108F1400E97658 /* AdventOfCode */,
			);
			name = Products;
			sourceTree = "<group>";
		};
		91469C431C108F1400E97658 /* AdventOfCode */ = {
			isa = PBXGroup;
			children = (
				911BB35D1C28262A00A058A4 /* Day 21 */,
				91265A971C26C81E003DE24D /* Day 20 */,
				9154E3C51C2567BE001BB527 /* Day 19 */,
				912175181C2400F0003B68B7 /* Day 18 */,
				91B685C91C22BFCC00FA939C /* Day 17 */,
				91804A8E1C217DC500D45F7B /* Day 16 */,
				91FC895A1C204BE300B230A2 /* Day 15 */,
				913F93451C1EEA770056D2FE /* Day 14 */,
				913DFDD31C1DD063000DFFFE /* Day 13 */,
				913DFDC81C1CAE20000DFFFE /* Day 12 */,
				9156551E1C21E830001E7EED /* Day 11 */,
				9145BA091C19723A00AE7B3C /* Day 10 */,
				915655211C220942001E7EED /* Day 9 */,
				9145BA0D1C1977D600AE7B3C /* Day 8 */,
				91B271481C18CE5400E16115 /* Day 7 */,
				91B271411C18B8BC00E16115 /* Day 6 */,
				9143B6621C13377D008214DD /* Day 5 */,
				9143B65B1C118DD8008214DD /* Day 4 */,
				91CE73971C10992A006A5E14 /* Day 3 */,
				91CE73961C10991E006A5E14 /* Day 2 */,
				91CE73951C10990E006A5E14 /* Day 1 */,
				91469C441C108F1400E97658 /* main.swift */,
				9143B6611C119067008214DD /* AdventOfCode-Bridging-Header.h */,
			);
			path = AdventOfCode;
			sourceTree = "<group>";
		};
		9154E3C51C2567BE001BB527 /* Day 19 */ = {
			isa = PBXGroup;
			children = (
				9154E3C61C2567E1001BB527 /* day19_input */,
				9154E3C71C2567FE001BB527 /* day19.swift */,
			);
			name = "Day 19";
			path = "AdventOfCode/Day 19";
			sourceTree = SOURCE_ROOT;
		};
		9156551E1C21E830001E7EED /* Day 11 */ = {
			isa = PBXGroup;
			children = (
				9156551F1C21E855001E7EED /* day11.swift */,
			);
			name = "Day 11";
			path = "AdventOfCode/Day 11";
			sourceTree = SOURCE_ROOT;
		};
		915655211C220942001E7EED /* Day 9 */ = {
			isa = PBXGroup;
			children = (
				915655221C2209AA001E7EED /* day9.swift */,
				915655241C2209BA001E7EED /* day9_input */,
				915655261C2210AA001E7EED /* Array+permutations.swift */,
			);
			name = "Day 9";
			path = "AdventOfCode/Day 9";
			sourceTree = SOURCE_ROOT;
		};
		91804A8E1C217DC500D45F7B /* Day 16 */ = {
			isa = PBXGroup;
			children = (
				91804A8F1C217DE300D45F7B /* day16.swift */,
				91804A911C217DEC00D45F7B /* day16_input */,
			);
			name = "Day 16";
			path = "AdventOfCode/Day 16";
			sourceTree = SOURCE_ROOT;
		};
		91B271411C18B8BC00E16115 /* Day 6 */ = {
			isa = PBXGroup;
			children = (
				91B271421C18B8DC00E16115 /* day6_input */,
				91B271441C18B8F900E16115 /* day6_1.swift */,
				91B271461C18C3A000E16115 /* day6_2.swift */,
			);
			name = "Day 6";
			path = "AdventOfCode/Day 6";
			sourceTree = SOURCE_ROOT;
		};
		91B271481C18CE5400E16115 /* Day 7 */ = {
			isa = PBXGroup;
			children = (
				91B271491C18CEC900E16115 /* day7_input */,
				91B2714A1C18CF1500E16115 /* day7.swift */,
			);
			path = "Day 7";
			sourceTree = "<group>";
		};
		91B685C91C22BFCC00FA939C /* Day 17 */ = {
			isa = PBXGroup;
			children = (
				91B685CA1C22BFDE00FA939C /* day17.swift */,
				91B685CC1C22BFFB00FA939C /* day17_input */,
				91B685CE1C22EEE900FA939C /* Array+allSubarrays.swift */,
			);
			name = "Day 17";
			path = "AdventOfCode/Day 17";
			sourceTree = SOURCE_ROOT;
		};
		91CE73951C10990E006A5E14 /* Day 1 */ = {
			isa = PBXGroup;
			children = (
				9143B6511C10B1B2008214DD /* day1_input */,
				9143B6521C10B1C5008214DD /* day1.swift */,
			);
			name = "Day 1";
			path = "AdventOfCode/Day 1";
			sourceTree = SOURCE_ROOT;
		};
		91CE73961C10991E006A5E14 /* Day 2 */ = {
			isa = PBXGroup;
			children = (
				9143B6571C10B6D5008214DD /* day2.swift */,
				9143B6591C10B6E1008214DD /* day2_input */,
			);
			name = "Day 2";
			path = "AdventOfCode/Day 2";
			sourceTree = SOURCE_ROOT;
		};
		91CE73971C10992A006A5E14 /* Day 3 */ = {
			isa = PBXGroup;
			children = (
				91CE73931C109835006A5E14 /* day3.swift */,
				91CE73921C109835006A5E14 /* day3_input */,
			);
			name = "Day 3";
			path = "AdventOfCode/Day 3";
			sourceTree = SOURCE_ROOT;
		};
		91FC895A1C204BE300B230A2 /* Day 15 */ = {
			isa = PBXGroup;
			children = (
				91FC895B1C204BFD00B230A2 /* day15_input */,
				91FC895D1C204C1300B230A2 /* day15.swift */,
			);
			name = "Day 15";
			path = "AdventOfCode/Day 15";
			sourceTree = SOURCE_ROOT;
		};
/* End PBXGroup section */

/* Begin PBXNativeTarget section */
		91469C401C108F1400E97658 /* AdventOfCode */ = {
			isa = PBXNativeTarget;
			buildConfigurationList = 91469C481C108F1400E97658 /* Build configuration list for PBXNativeTarget "AdventOfCode" */;
			buildPhases = (
				91469C3D1C108F1400E97658 /* Sources */,
				91469C3E1C108F1400E97658 /* Frameworks */,
				91469C3F1C108F1400E97658 /* CopyFiles */,
			);
			buildRules = (
			);
			dependencies = (
			);
			name = AdventOfCode;
			productName = AdventOfCode;
			productReference = 91469C411C108F1400E97658 /* AdventOfCode */;
			productType = "com.apple.product-type.tool";
		};
/* End PBXNativeTarget section */

/* Begin PBXProject section */
		91469C391C108F1400E97658 /* Project object */ = {
			isa = PBXProject;
			attributes = {
				LastSwiftUpdateCheck = 0710;
				LastUpgradeCheck = 0710;
				ORGANIZATIONNAME = "Sebastian Osiński";
				TargetAttributes = {
					91469C401C108F1400E97658 = {
						CreatedOnToolsVersion = 7.1.1;
					};
				};
			};
			buildConfigurationList = 91469C3C1C108F1400E97658 /* Build configuration list for PBXProject "AdventOfCode" */;
			compatibilityVersion = "Xcode 3.2";
			developmentRegion = English;
			hasScannedForEncodings = 0;
			knownRegions = (
				en,
			);
			mainGroup = 91469C381C108F1400E97658;
			productRefGroup = 91469C421C108F1400E97658 /* Products */;
			projectDirPath = "";
			projectRoot = "";
			targets = (
				91469C401C108F1400E97658 /* AdventOfCode */,
			);
		};
/* End PBXProject section */

/* Begin PBXSourcesBuildPhase section */
		91469C3D1C108F1400E97658 /* Sources */ = {
			isa = PBXSourcesBuildPhase;
			buildActionMask = 2147483647;
			files = (
				913DFDCE1C1CB2E2000DFFFE /* day12_2.swift in Sources */,
				91CE73941C109835006A5E14 /* day3.swift in Sources */,
				915655271C2210AA001E7EED /* Array+permutations.swift in Sources */,
				9121751B1C24011C003B68B7 /* day18.swift in Sources */,
				91B271451C18B8F900E16115 /* day6_1.swift in Sources */,
				911BB35F1C28264100A058A4 /* day21.swift in Sources */,
				913DFDD01C1CB75A000DFFFE /* SwiftyJSON.swift in Sources */,
				9143B6581C10B6D5008214DD /* day2.swift in Sources */,
				9145BA111C1977FA00AE7B3C /* day8_1.swift in Sources */,
				9143B6531C10B1C5008214DD /* day1.swift in Sources */,
				91FC895E1C204C1300B230A2 /* day15.swift in Sources */,
				915655231C2209AA001E7EED /* day9.swift in Sources */,
				91B685CF1C22EEE900FA939C /* Array+allSubarrays.swift in Sources */,
				9143B65D1C118E00008214DD /* day4.swift in Sources */,
				913DFDD61C1DD0C4000DFFFE /* day_13.swift in Sources */,
				9154E3C81C2567FE001BB527 /* day19.swift in Sources */,
				91C3EA901C1B39ED00755F09 /* day8_2.swift in Sources */,
				9121751E1C240DCC003B68B7 /* Bool+intValue.swift in Sources */,
				915655201C21E855001E7EED /* day11.swift in Sources */,
				913F93481C1EEAD10056D2FE /* day14.swift in Sources */,
				91804A901C217DE300D45F7B /* day16.swift in Sources */,
				913DFDCB1C1CAE80000DFFFE /* day12_1.swift in Sources */,
				91265A991C26C838003DE24D /* day20.swift in Sources */,
				91469C451C108F1400E97658 /* main.swift in Sources */,
				9143B6601C118EFE008214DD /* String+md5.swift in Sources */,
				91B685CB1C22BFDE00FA939C /* day17.swift in Sources */,
				9143B6651C13385D008214DD /* day5.swift in Sources */,
				91B2714B1C18CF1500E16115 /* day7.swift in Sources */,
				91B271471C18C3A000E16115 /* day6_2.swift in Sources */,
				9145BA0B1C19725000AE7B3C /* day10.swift in Sources */,
			);
			runOnlyForDeploymentPostprocessing = 0;
		};
/* End PBXSourcesBuildPhase section */

/* Begin XCBuildConfiguration section */
		91469C461C108F1400E97658 /* Debug */ = {
			isa = XCBuildConfiguration;
			buildSettings = {
				ALWAYS_SEARCH_USER_PATHS = NO;
				CLANG_CXX_LANGUAGE_STANDARD = "gnu++0x";
				CLANG_CXX_LIBRARY = "libc++";
				CLANG_ENABLE_MODULES = YES;
				CLANG_ENABLE_OBJC_ARC = YES;
				CLANG_WARN_BOOL_CONVERSION = YES;
				CLANG_WARN_CONSTANT_CONVERSION = YES;
				CLANG_WARN_DIRECT_OBJC_ISA_USAGE = YES_ERROR;
				CLANG_WARN_EMPTY_BODY = YES;
				CLANG_WARN_ENUM_CONVERSION = YES;
				CLANG_WARN_INT_CONVERSION = YES;
				CLANG_WARN_OBJC_ROOT_CLASS = YES_ERROR;
				CLANG_WARN_UNREACHABLE_CODE = YES;
				CLANG_WARN__DUPLICATE_METHOD_MATCH = YES;
				CODE_SIGN_IDENTITY = "-";
				COPY_PHASE_STRIP = NO;
				DEBUG_INFORMATION_FORMAT = dwarf;
				ENABLE_STRICT_OBJC_MSGSEND = YES;
				ENABLE_TESTABILITY = YES;
				GCC_C_LANGUAGE_STANDARD = gnu99;
				GCC_DYNAMIC_NO_PIC = NO;
				GCC_NO_COMMON_BLOCKS = YES;
				GCC_OPTIMIZATION_LEVEL = 0;
				GCC_PREPROCESSOR_DEFINITIONS = (
					"DEBUG=1",
					"$(inherited)",
				);
				GCC_WARN_64_TO_32_BIT_CONVERSION = YES;
				GCC_WARN_ABOUT_RETURN_TYPE = YES_ERROR;
				GCC_WARN_UNDECLARED_SELECTOR = YES;
				GCC_WARN_UNINITIALIZED_AUTOS = YES_AGGRESSIVE;
				GCC_WARN_UNUSED_FUNCTION = YES;
				GCC_WARN_UNUSED_VARIABLE = YES;
				MACOSX_DEPLOYMENT_TARGET = 10.11;
				MTL_ENABLE_DEBUG_INFO = YES;
				ONLY_ACTIVE_ARCH = YES;
				SDKROOT = macosx;
				SWIFT_OPTIMIZATION_LEVEL = "-Onone";
			};
			name = Debug;
		};
		91469C471C108F1400E97658 /* Release */ = {
			isa = XCBuildConfiguration;
			buildSettings = {
				ALWAYS_SEARCH_USER_PATHS = NO;
				CLANG_CXX_LANGUAGE_STANDARD = "gnu++0x";
				CLANG_CXX_LIBRARY = "libc++";
				CLANG_ENABLE_MODULES = YES;
				CLANG_ENABLE_OBJC_ARC = YES;
				CLANG_WARN_BOOL_CONVERSION = YES;
				CLANG_WARN_CONSTANT_CONVERSION = YES;
				CLANG_WARN_DIRECT_OBJC_ISA_USAGE = YES_ERROR;
				CLANG_WARN_EMPTY_BODY = YES;
				CLANG_WARN_ENUM_CONVERSION = YES;
				CLANG_WARN_INT_CONVERSION = YES;
				CLANG_WARN_OBJC_ROOT_CLASS = YES_ERROR;
				CLANG_WARN_UNREACHABLE_CODE = YES;
				CLANG_WARN__DUPLICATE_METHOD_MATCH = YES;
				CODE_SIGN_IDENTITY = "-";
				COPY_PHASE_STRIP = NO;
				DEBUG_INFORMATION_FORMAT = "dwarf-with-dsym";
				ENABLE_NS_ASSERTIONS = NO;
				ENABLE_STRICT_OBJC_MSGSEND = YES;
				GCC_C_LANGUAGE_STANDARD = gnu99;
				GCC_NO_COMMON_BLOCKS = YES;
				GCC_WARN_64_TO_32_BIT_CONVERSION = YES;
				GCC_WARN_ABOUT_RETURN_TYPE = YES_ERROR;
				GCC_WARN_UNDECLARED_SELECTOR = YES;
				GCC_WARN_UNINITIALIZED_AUTOS = YES_AGGRESSIVE;
				GCC_WARN_UNUSED_FUNCTION = YES;
				GCC_WARN_UNUSED_VARIABLE = YES;
				MACOSX_DEPLOYMENT_TARGET = 10.11;
				MTL_ENABLE_DEBUG_INFO = NO;
				SDKROOT = macosx;
			};
			name = Release;
		};
		91469C491C108F1400E97658 /* Debug */ = {
			isa = XCBuildConfiguration;
			buildSettings = {
				PRODUCT_NAME = "$(TARGET_NAME)";
				SWIFT_OBJC_BRIDGING_HEADER = "AdventOfCode/AdventOfCode-Bridging-Header.h";
			};
			name = Debug;
		};
		91469C4A1C108F1400E97658 /* Release */ = {
			isa = XCBuildConfiguration;
			buildSettings = {
				PRODUCT_NAME = "$(TARGET_NAME)";
				SWIFT_OBJC_BRIDGING_HEADER = "AdventOfCode/AdventOfCode-Bridging-Header.h";
			};
			name = Release;
		};
/* End XCBuildConfiguration section */

/* Begin XCConfigurationList section */
		91469C3C1C108F1400E97658 /* Build configuration list for PBXProject "AdventOfCode" */ = {
			isa = XCConfigurationList;
			buildConfigurations = (
				91469C461C108F1400E97658 /* Debug */,
				91469C471C108F1400E97658 /* Release */,
			);
			defaultConfigurationIsVisible = 0;
			defaultConfigurationName = Release;
		};
		91469C481C108F1400E97658 /* Build configuration list for PBXNativeTarget "AdventOfCode" */ = {
			isa = XCConfigurationList;
			buildConfigurations = (
				91469C491C108F1400E97658 /* Debug */,
				91469C4A1C108F1400E97658 /* Release */,
			);
			defaultConfigurationIsVisible = 0;
			defaultConfigurationName = Release;
		};
/* End XCConfigurationList section */
	};
	rootObject = 91469C391C108F1400E97658 /* Project object */;
}
